
Microsoft Visual Studio Solution File, Format Version 12.00
# Visual Studio Version 17
VisualStudioVersion = 17.5.002.0
MinimumVisualStudioVersion = 10.0.40219.1
Project("{2150E333-8FDC-42A3-9474-1A3956D46DE8}") = "prepare", "prepare", "{4BB695A4-38FE-4B22-9FDC-C7A1ED2A6CB8}"
EndProject
Project("{9A19103F-16F7-4668-BE54-9A1E7A4F7556}") = "Learning02", "prepare\Learning02\Learning02.csproj", "{DCD51D71-A7EF-456A-93CD-D13FB9F2AFB8}"
EndProject
Project("{9A19103F-16F7-4668-BE54-9A1E7A4F7556}") = "Learning05", "prepare\Learning05\Learning05.csproj", "{AF97B04D-E42D-4AC0-A343-D83DD68908D3}"
EndProject
Project("{9A19103F-16F7-4668-BE54-9A1E7A4F7556}") = "Learning04", "prepare\Learning04\Learning04.csproj", "{1A9E81F6-906B-48B1-963E-566BF748DEBE}"
EndProject
Project("{9A19103F-16F7-4668-BE54-9A1E7A4F7556}") = "Learning03", "prepare\Learning03\Learning03.csproj", "{4E885E78-BBC1-48C0-8704-27D4D7F4A33B}"
EndProject
Project("{2150E333-8FDC-42A3-9474-1A3956D46DE8}") = "prove", "prove", "{EB8E629E-9A7C-41DA-9447-8DC384E1FFFC}"
EndProject
Project("{9A19103F-16F7-4668-BE54-9A1E7A4F7556}") = "Develop03", "prove\Develop03\Develop03.csproj", "{1B21CE2F-A8A5-4F71-9E5E-9EED9C004A39}"
EndProject
Project("{9A19103F-16F7-4668-BE54-9A1E7A4F7556}") = "Develop04", "prove\Develop04\Develop04.csproj", "{53F2DBFF-0E8B-463D-8C5A-0B4F7E480FF5}"
EndProject
Project("{9A19103F-16F7-4668-BE54-9A1E7A4F7556}") = "Develop05", "prove\Develop05\Develop05.csproj", "{596A1E56-8F04-4332-B008-AFD46B13C38C}"
EndProject
Project("{9A19103F-16F7-4668-BE54-9A1E7A4F7556}") = "Develop02", "prove\Develop02\Develop02.csproj", "{75B96E93-B2A4-4B4A-AC0A-0611FABF9564}"
EndProject
Project("{2150E333-8FDC-42A3-9474-1A3956D46DE8}") = "sandbox", "sandbox", "{60733445-5D5F-4BE7-B6FC-9BAA1671B1E5}"
EndProject
Project("{9A19103F-16F7-4668-BE54-9A1E7A4F7556}") = "Sandbox", "sandbox\Sandbox\Sandbox.csproj", "{0E772BBA-52CC-413B-9A4A-72C8533CB97D}"
EndProject
Project("{2150E333-8FDC-42A3-9474-1A3956D46DE8}") = "final", "final", "{ED2CC1B1-E428-4EC7-B54A-C52B0602F2F9}"
EndProject
Project("{9A19103F-16F7-4668-BE54-9A1E7A4F7556}") = "FinalProject", "final\FinalProject\FinalProject.csproj", "{A1B111D3-69AE-40CB-82F4-3975101F7BFD}"
EndProject
Project("{9A19103F-16F7-4668-BE54-9A1E7A4F7556}") = "Foundation1", "final\Foundation1\Foundation1.csproj", "{73869979-98FA-4DF9-831B-85FAE9FDB9DB}"
EndProject
Project("{9A19103F-16F7-4668-BE54-9A1E7A4F7556}") = "Foundation4", "final\Foundation4\Foundation4.csproj", "{91E84C48-2648-4918-A274-0E71C4B9733E}"
EndProject
Project("{9A19103F-16F7-4668-BE54-9A1E7A4F7556}") = "Foundation3", "final\Foundation3\Foundation3.csproj", "{19DDBBAD-2FFC-495A-8374-E71FCA471895}"
EndProject
Project("{9A19103F-16F7-4668-BE54-9A1E7A4F7556}") = "Foundation2", "final\Foundation2\Foundation2.csproj", "{27CCA36D-A29D-424D-97B3-02E3CD983C3C}"
EndProject
Project("{2150E333-8FDC-42A3-9474-1A3956D46DE8}") = "csharp-prep", "csharp-prep", "{16A37A15-D2AA-47B9-A491-068E7F66DA9A}"
EndProject
Project("{9A19103F-16F7-4668-BE54-9A1E7A4F7556}") = "Prep1", "csharp-prep\Prep1\Prep1.csproj", "{1BC9FB0D-FBD2-4F36-B487-EAF5A0818AAA}"
EndProject
Project("{9A19103F-16F7-4668-BE54-9A1E7A4F7556}") = "Prep5", "csharp-prep\Prep5\Prep5.csproj", "{BE3772A6-CDA6-42A1-A695-67EE89FD1E0C}"
EndProject
Project("{9A19103F-16F7-4668-BE54-9A1E7A4F7556}") = "Prep2", "csharp-prep\Prep2\Prep2.csproj", "{31F3B97F-15F2-49FB-9935-AD66872E569C}"
EndProject
Project("{9A19103F-16F7-4668-BE54-9A1E7A4F7556}") = "Prep3", "csharp-prep\Prep3\Prep3.csproj", "{198C4CF0-AC2D-448F-A365-11F7C1F5891F}"
EndProject
Project("{9A19103F-16F7-4668-BE54-9A1E7A4F7556}") = "Prep4", "csharp-prep\Prep4\Prep4.csproj", "{346E46A4-3CA0-43B4-A4BA-E0DECF35E090}"
EndProject
Global
	GlobalSection(SolutionConfigurationPlatforms) = preSolution
		Debug|Any CPU = Debug|Any CPU
		Release|Any CPU = Release|Any CPU
	EndGlobalSection
	GlobalSection(ProjectConfigurationPlatforms) = postSolution
		{DCD51D71-A7EF-456A-93CD-D13FB9F2AFB8}.Debug|Any CPU.ActiveCfg = Debug|Any CPU
		{DCD51D71-A7EF-456A-93CD-D13FB9F2AFB8}.Debug|Any CPU.Build.0 = Debug|Any CPU
		{DCD51D71-A7EF-456A-93CD-D13FB9F2AFB8}.Release|Any CPU.ActiveCfg = Release|Any CPU
		{DCD51D71-A7EF-456A-93CD-D13FB9F2AFB8}.Release|Any CPU.Build.0 = Release|Any CPU
		{AF97B04D-E42D-4AC0-A343-D83DD68908D3}.Debug|Any CPU.ActiveCfg = Debug|Any CPU
		{AF97B04D-E42D-4AC0-A343-D83DD68908D3}.Debug|Any CPU.Build.0 = Debug|Any CPU
		{AF97B04D-E42D-4AC0-A343-D83DD68908D3}.Release|Any CPU.ActiveCfg = Release|Any CPU
		{AF97B04D-E42D-4AC0-A343-D83DD68908D3}.Release|Any CPU.Build.0 = Release|Any CPU
		{1A9E81F6-906B-48B1-963E-566BF748DEBE}.Debug|Any CPU.ActiveCfg = Debug|Any CPU
		{1A9E81F6-906B-48B1-963E-566BF748DEBE}.Debug|Any CPU.Build.0 = Debug|Any CPU
		{1A9E81F6-906B-48B1-963E-566BF748DEBE}.Release|Any CPU.ActiveCfg = Release|Any CPU
		{1A9E81F6-906B-48B1-963E-566BF748DEBE}.Release|Any CPU.Build.0 = Release|Any CPU
		{4E885E78-BBC1-48C0-8704-27D4D7F4A33B}.Debug|Any CPU.ActiveCfg = Debug|Any CPU
		{4E885E78-BBC1-48C0-8704-27D4D7F4A33B}.Debug|Any CPU.Build.0 = Debug|Any CPU
		{4E885E78-BBC1-48C0-8704-27D4D7F4A33B}.Release|Any CPU.ActiveCfg = Release|Any CPU
		{4E885E78-BBC1-48C0-8704-27D4D7F4A33B}.Release|Any CPU.Build.0 = Release|Any CPU
		{1B21CE2F-A8A5-4F71-9E5E-9EED9C004A39}.Debug|Any CPU.ActiveCfg = Debug|Any CPU
		{1B21CE2F-A8A5-4F71-9E5E-9EED9C004A39}.Debug|Any CPU.Build.0 = Debug|Any CPU
		{1B21CE2F-A8A5-4F71-9E5E-9EED9C004A39}.Release|Any CPU.ActiveCfg = Release|Any CPU
		{1B21CE2F-A8A5-4F71-9E5E-9EED9C004A39}.Release|Any CPU.Build.0 = Release|Any CPU
		{53F2DBFF-0E8B-463D-8C5A-0B4F7E480FF5}.Debug|Any CPU.ActiveCfg = Debug|Any CPU
		{53F2DBFF-0E8B-463D-8C5A-0B4F7E480FF5}.Debug|Any CPU.Build.0 = Debug|Any CPU
		{53F2DBFF-0E8B-463D-8C5A-0B4F7E480FF5}.Release|Any CPU.ActiveCfg = Release|Any CPU
		{53F2DBFF-0E8B-463D-8C5A-0B4F7E480FF5}.Release|Any CPU.Build.0 = Release|Any CPU
		{596A1E56-8F04-4332-B008-AFD46B13C38C}.Debug|Any CPU.ActiveCfg = Debug|Any CPU
		{596A1E56-8F04-4332-B008-AFD46B13C38C}.Debug|Any CPU.Build.0 = Debug|Any CPU
		{596A1E56-8F04-4332-B008-AFD46B13C38C}.Release|Any CPU.ActiveCfg = Release|Any CPU
		{596A1E56-8F04-4332-B008-AFD46B13C38C}.Release|Any CPU.Build.0 = Release|Any CPU
		{75B96E93-B2A4-4B4A-AC0A-0611FABF9564}.Debug|Any CPU.ActiveCfg = Debug|Any CPU
		{75B96E93-B2A4-4B4A-AC0A-0611FABF9564}.Debug|Any CPU.Build.0 = Debug|Any CPU
		{75B96E93-B2A4-4B4A-AC0A-0611FABF9564}.Release|Any CPU.ActiveCfg = Release|Any CPU
		{75B96E93-B2A4-4B4A-AC0A-0611FABF9564}.Release|Any CPU.Build.0 = Release|Any CPU
		{0E772BBA-52CC-413B-9A4A-72C8533CB97D}.Debug|Any CPU.ActiveCfg = Debug|Any CPU
		{0E772BBA-52CC-413B-9A4A-72C8533CB97D}.Debug|Any CPU.Build.0 = Debug|Any CPU
		{0E772BBA-52CC-413B-9A4A-72C8533CB97D}.Release|Any CPU.ActiveCfg = Release|Any CPU
		{0E772BBA-52CC-413B-9A4A-72C8533CB97D}.Release|Any CPU.Build.0 = Release|Any CPU
		{A1B111D3-69AE-40CB-82F4-3975101F7BFD}.Debug|Any CPU.ActiveCfg = Debug|Any CPU
		{A1B111D3-69AE-40CB-82F4-3975101F7BFD}.Debug|Any CPU.Build.0 = Debug|Any CPU
		{A1B111D3-69AE-40CB-82F4-3975101F7BFD}.Release|Any CPU.ActiveCfg = Release|Any CPU
		{A1B111D3-69AE-40CB-82F4-3975101F7BFD}.Release|Any CPU.Build.0 = Release|Any CPU
		{73869979-98FA-4DF9-831B-85FAE9FDB9DB}.Debug|Any CPU.ActiveCfg = Debug|Any CPU
		{73869979-98FA-4DF9-831B-85FAE9FDB9DB}.Debug|Any CPU.Build.0 = Debug|Any CPU
		{73869979-98FA-4DF9-831B-85FAE9FDB9DB}.Release|Any CPU.ActiveCfg = Release|Any CPU
		{73869979-98FA-4DF9-831B-85FAE9FDB9DB}.Release|Any CPU.Build.0 = Release|Any CPU
		{91E84C48-2648-4918-A274-0E71C4B9733E}.Debug|Any CPU.ActiveCfg = Debug|Any CPU
		{91E84C48-2648-4918-A274-0E71C4B9733E}.Debug|Any CPU.Build.0 = Debug|Any CPU
		{91E84C48-2648-4918-A274-0E71C4B9733E}.Release|Any CPU.ActiveCfg = Release|Any CPU
		{91E84C48-2648-4918-A274-0E71C4B9733E}.Release|Any CPU.Build.0 = Release|Any CPU
		{19DDBBAD-2FFC-495A-8374-E71FCA471895}.Debug|Any CPU.ActiveCfg = Debug|Any CPU
		{19DDBBAD-2FFC-495A-8374-E71FCA471895}.Debug|Any CPU.Build.0 = Debug|Any CPU
		{19DDBBAD-2FFC-495A-8374-E71FCA471895}.Release|Any CPU.ActiveCfg = Release|Any CPU
		{19DDBBAD-2FFC-495A-8374-E71FCA471895}.Release|Any CPU.Build.0 = Release|Any CPU
		{27CCA36D-A29D-424D-97B3-02E3CD983C3C}.Debug|Any CPU.ActiveCfg = Debug|Any CPU
		{27CCA36D-A29D-424D-97B3-02E3CD983C3C}.Debug|Any CPU.Build.0 = Debug|Any CPU
		{27CCA36D-A29D-424D-97B3-02E3CD983C3C}.Release|Any CPU.ActiveCfg = Release|Any CPU
		{27CCA36D-A29D-424D-97B3-02E3CD983C3C}.Release|Any CPU.Build.0 = Release|Any CPU
		{1BC9FB0D-FBD2-4F36-B487-EAF5A0818AAA}.Debug|Any CPU.ActiveCfg = Debug|Any CPU
		{1BC9FB0D-FBD2-4F36-B487-EAF5A0818AAA}.Debug|Any CPU.Build.0 = Debug|Any CPU
		{1BC9FB0D-FBD2-4F36-B487-EAF5A0818AAA}.Release|Any CPU.ActiveCfg = Release|Any CPU
		{1BC9FB0D-FBD2-4F36-B487-EAF5A0818AAA}.Release|Any CPU.Build.0 = Release|Any CPU
		{BE3772A6-CDA6-42A1-A695-67EE89FD1E0C}.Debug|Any CPU.ActiveCfg = Debug|Any CPU
		{BE3772A6-CDA6-42A1-A695-67EE89FD1E0C}.Debug|Any CPU.Build.0 = Debug|Any CPU
		{BE3772A6-CDA6-42A1-A695-67EE89FD1E0C}.Release|Any CPU.ActiveCfg = Release|Any CPU
		{BE3772A6-CDA6-42A1-A695-67EE89FD1E0C}.Release|Any CPU.Build.0 = Release|Any CPU
		{31F3B97F-15F2-49FB-9935-AD66872E569C}.Debug|Any CPU.ActiveCfg = Debug|Any CPU
		{31F3B97F-15F2-49FB-9935-AD66872E569C}.Debug|Any CPU.Build.0 = Debug|Any CPU
		{31F3B97F-15F2-49FB-9935-AD66872E569C}.Release|Any CPU.ActiveCfg = Release|Any CPU
		{31F3B97F-15F2-49FB-9935-AD66872E569C}.Release|Any CPU.Build.0 = Release|Any CPU
		{198C4CF0-AC2D-448F-A365-11F7C1F5891F}.Debug|Any CPU.ActiveCfg = Debug|Any CPU
		{198C4CF0-AC2D-448F-A365-11F7C1F5891F}.Debug|Any CPU.Build.0 = Debug|Any CPU
		{198C4CF0-AC2D-448F-A365-11F7C1F5891F}.Release|Any CPU.ActiveCfg = Release|Any CPU
		{198C4CF0-AC2D-448F-A365-11F7C1F5891F}.Release|Any CPU.Build.0 = Release|Any CPU
		{346E46A4-3CA0-43B4-A4BA-E0DECF35E090}.Debug|Any CPU.ActiveCfg = Debug|Any CPU
		{346E46A4-3CA0-43B4-A4BA-E0DECF35E090}.Debug|Any CPU.Build.0 = Debug|Any CPU
		{346E46A4-3CA0-43B4-A4BA-E0DECF35E090}.Release|Any CPU.ActiveCfg = Release|Any CPU
		{346E46A4-3CA0-43B4-A4BA-E0DECF35E090}.Release|Any CPU.Build.0 = Release|Any CPU
	EndGlobalSection
	GlobalSection(SolutionProperties) = preSolution
		HideSolutionNode = FALSE
	EndGlobalSection
	GlobalSection(NestedProjects) = preSolution
		{DCD51D71-A7EF-456A-93CD-D13FB9F2AFB8} = {4BB695A4-38FE-4B22-9FDC-C7A1ED2A6CB8}
		{AF97B04D-E42D-4AC0-A343-D83DD68908D3} = {4BB695A4-38FE-4B22-9FDC-C7A1ED2A6CB8}
		{1A9E81F6-906B-48B1-963E-566BF748DEBE} = {4BB695A4-38FE-4B22-9FDC-C7A1ED2A6CB8}
		{4E885E78-BBC1-48C0-8704-27D4D7F4A33B} = {4BB695A4-38FE-4B22-9FDC-C7A1ED2A6CB8}
		{1B21CE2F-A8A5-4F71-9E5E-9EED9C004A39} = {EB8E629E-9A7C-41DA-9447-8DC384E1FFFC}
		{53F2DBFF-0E8B-463D-8C5A-0B4F7E480FF5} = {EB8E629E-9A7C-41DA-9447-8DC384E1FFFC}
		{596A1E56-8F04-4332-B008-AFD46B13C38C} = {EB8E629E-9A7C-41DA-9447-8DC384E1FFFC}
		{75B96E93-B2A4-4B4A-AC0A-0611FABF9564} = {EB8E629E-9A7C-41DA-9447-8DC384E1FFFC}
		{0E772BBA-52CC-413B-9A4A-72C8533CB97D} = {60733445-5D5F-4BE7-B6FC-9BAA1671B1E5}
		{A1B111D3-69AE-40CB-82F4-3975101F7BFD} = {ED2CC1B1-E428-4EC7-B54A-C52B0602F2F9}
		{73869979-98FA-4DF9-831B-85FAE9FDB9DB} = {ED2CC1B1-E428-4EC7-B54A-C52B0602F2F9}
		{91E84C48-2648-4918-A274-0E71C4B9733E} = {ED2CC1B1-E428-4EC7-B54A-C52B0602F2F9}
		{19DDBBAD-2FFC-495A-8374-E71FCA471895} = {ED2CC1B1-E428-4EC7-B54A-C52B0602F2F9}
		{27CCA36D-A29D-424D-97B3-02E3CD983C3C} = {ED2CC1B1-E428-4EC7-B54A-C52B0602F2F9}
		{1BC9FB0D-FBD2-4F36-B487-EAF5A0818AAA} = {16A37A15-D2AA-47B9-A491-068E7F66DA9A}
		{BE3772A6-CDA6-42A1-A695-67EE89FD1E0C} = {16A37A15-D2AA-47B9-A491-068E7F66DA9A}
		{31F3B97F-15F2-49FB-9935-AD66872E569C} = {16A37A15-D2AA-47B9-A491-068E7F66DA9A}
		{198C4CF0-AC2D-448F-A365-11F7C1F5891F} = {16A37A15-D2AA-47B9-A491-068E7F66DA9A}
		{346E46A4-3CA0-43B4-A4BA-E0DECF35E090} = {16A37A15-D2AA-47B9-A491-068E7F66DA9A}
	EndGlobalSection
	GlobalSection(ExtensibilityGlobals) = postSolution
		SolutionGuid = {618DB850-EC77-4C19-90CE-09B439B813F5}
	EndGlobalSection
EndGlobal
